
Microsoft Visual Studio Solution File, Format Version 12.00
# Visual Studio Version 17
VisualStudioVersion = 17.14.36301.6
MinimumVisualStudioVersion = 10.0.40219.1
Project("{FAE04EC0-301F-11D3-BF4B-00C04F79EFBC}") = "GamersHub", "GamersHub\GamersHub.csproj", "{AD8F4BC5-AFCA-4193-AFA3-D855EF682D6D}"
EndProject
Project("{FAE04EC0-301F-11D3-BF4B-00C04F79EFBC}") = "Tests", "GamersHub.Tests\Tests\Tests.csproj", "{C1FE49A0-CC5A-4136-896B-E925525946EA}"
EndProject
Global
	GlobalSection(SolutionConfigurationPlatforms) = preSolution
		Debug|Any CPU = Debug|Any CPU
		Release|Any CPU = Release|Any CPU
	EndGlobalSection
	GlobalSection(ProjectConfigurationPlatforms) = postSolution
		{AD8F4BC5-AFCA-4193-AFA3-D855EF682D6D}.Debug|Any CPU.ActiveCfg = Debug|Any CPU
		{AD8F4BC5-AFCA-4193-AFA3-D855EF682D6D}.Debug|Any CPU.Build.0 = Debug|Any CPU
		{AD8F4BC5-AFCA-4193-AFA3-D855EF682D6D}.Release|Any CPU.ActiveCfg = Release|Any CPU
		{AD8F4BC5-AFCA-4193-AFA3-D855EF682D6D}.Release|Any CPU.Build.0 = Release|Any CPU
		{C1FE49A0-CC5A-4136-896B-E925525946EA}.Debug|Any CPU.ActiveCfg = Debug|Any CPU
		{C1FE49A0-CC5A-4136-896B-E925525946EA}.Debug|Any CPU.Build.0 = Debug|Any CPU
		{C1FE49A0-CC5A-4136-896B-E925525946EA}.Release|Any CPU.ActiveCfg = Release|Any CPU
		{C1FE49A0-CC5A-4136-896B-E925525946EA}.Release|Any CPU.Build.0 = Release|Any CPU
	EndGlobalSection
	GlobalSection(SolutionProperties) = preSolution
		HideSolutionNode = FALSE
	EndGlobalSection
	GlobalSection(ExtensibilityGlobals) = postSolution
		SolutionGuid = {14F6B363-542C-48DA-B751-C81587DE6491}
	EndGlobalSection
EndGlobal
